{
  "name": "offer-summary",
  "version": "0.1.0",
  "lockfileVersion": 1,
  "requires": true,
  "dependencies": {
    "clightningjs": {
      "version": "0.2.2",
      "resolved": "https://registry.npmjs.org/clightningjs/-/clightningjs-0.2.2.tgz",
      "integrity": "sha512-9fdWYNxe/IUe0uG0b1XdxWGlev1IPlWZpN6Hrsr3uTOZe1kSR+ySBMzdsgD73Rc3LeX7DfdKhT3uuT8B77HIqg=="
    }
  }
}
